// !$*UTF8*$!
{
	archiveVersion = 1;
	classes = {
	};
	objectVersion = 55;
	objects = {

/* Begin PBXBuildFile section */
		9C9EB9A227B18F6A00D4F8F3 /* AppDelegate.swift in Sources */ = {isa = PBXBuildFile; fileRef = 9C9EB9A127B18F6A00D4F8F3 /* AppDelegate.swift */; };
		9C9EB9A427B18F6A00D4F8F3 /* SceneDelegate.swift in Sources */ = {isa = PBXBuildFile; fileRef = 9C9EB9A327B18F6A00D4F8F3 /* SceneDelegate.swift */; };
		9C9EB9AB27B18F6C00D4F8F3 /* Assets.xcassets in Resources */ = {isa = PBXBuildFile; fileRef = 9C9EB9AA27B18F6C00D4F8F3 /* Assets.xcassets */; };
		9C9EB9AE27B18F6C00D4F8F3 /* LaunchScreen.storyboard in Resources */ = {isa = PBXBuildFile; fileRef = 9C9EB9AC27B18F6C00D4F8F3 /* LaunchScreen.storyboard */; };
		9C9EB9B627B1909000D4F8F3 /* MainTabBarController.swift in Sources */ = {isa = PBXBuildFile; fileRef = 9C9EB9B527B1909000D4F8F3 /* MainTabBarController.swift */; };
		9C9EB9B827B190F000D4F8F3 /* PhotoViewController.swift in Sources */ = {isa = PBXBuildFile; fileRef = 9C9EB9B727B190F000D4F8F3 /* PhotoViewController.swift */; };
		9C9EB9BA27B1930700D4F8F3 /* LibraryViewController.swift in Sources */ = {isa = PBXBuildFile; fileRef = 9C9EB9B927B1930700D4F8F3 /* LibraryViewController.swift */; };
		9C9EB9C027B1965500D4F8F3 /* UIColor + Extension.swift in Sources */ = {isa = PBXBuildFile; fileRef = 9C9EB9BF27B1965400D4F8F3 /* UIColor + Extension.swift */; };
		9C9EB9C227B19B0500D4F8F3 /* PhotoCell.swift in Sources */ = {isa = PBXBuildFile; fileRef = 9C9EB9C127B19B0500D4F8F3 /* PhotoCell.swift */; };
		9C9EB9C627B1D40A00D4F8F3 /* NetworkManager.swift in Sources */ = {isa = PBXBuildFile; fileRef = 9C9EB9C527B1D40A00D4F8F3 /* NetworkManager.swift */; };
		9C9EB9C827B1D60600D4F8F3 /* ImageData.swift in Sources */ = {isa = PBXBuildFile; fileRef = 9C9EB9C727B1D60600D4F8F3 /* ImageData.swift */; };
		9C9EB9CB27B56FC100D4F8F3 /* SectionHeader.swift in Sources */ = {isa = PBXBuildFile; fileRef = 9C9EB9CA27B56FC100D4F8F3 /* SectionHeader.swift */; };
		9CED5E6327B835AA007A61E5 /* PopularPhotoCell.swift in Sources */ = {isa = PBXBuildFile; fileRef = 9CED5E6227B835AA007A61E5 /* PopularPhotoCell.swift */; };
		B2E2780E933A3F6E2EC70039 /* Pods_UnsplashImages.framework in Frameworks */ = {isa = PBXBuildFile; fileRef = 263E2D02FC720BC07D644BEC /* Pods_UnsplashImages.framework */; };
/* End PBXBuildFile section */

/* Begin PBXFileReference section */
		11A9B940392693F7EF7B3EC9 /* Pods-UnsplashImages.debug.xcconfig */ = {isa = PBXFileReference; includeInIndex = 1; lastKnownFileType = text.xcconfig; name = "Pods-UnsplashImages.debug.xcconfig"; path = "Target Support Files/Pods-UnsplashImages/Pods-UnsplashImages.debug.xcconfig"; sourceTree = "<group>"; };
		263E2D02FC720BC07D644BEC /* Pods_UnsplashImages.framework */ = {isa = PBXFileReference; explicitFileType = wrapper.framework; includeInIndex = 0; path = Pods_UnsplashImages.framework; sourceTree = BUILT_PRODUCTS_DIR; };
		762361386D586BC09CCD460C /* Pods-UnsplashImages.release.xcconfig */ = {isa = PBXFileReference; includeInIndex = 1; lastKnownFileType = text.xcconfig; name = "Pods-UnsplashImages.release.xcconfig"; path = "Target Support Files/Pods-UnsplashImages/Pods-UnsplashImages.release.xcconfig"; sourceTree = "<group>"; };
		9C9EB99E27B18F6A00D4F8F3 /* UnsplashImages.app */ = {isa = PBXFileReference; explicitFileType = wrapper.application; includeInIndex = 0; path = UnsplashImages.app; sourceTree = BUILT_PRODUCTS_DIR; };
		9C9EB9A127B18F6A00D4F8F3 /* AppDelegate.swift */ = {isa = PBXFileReference; lastKnownFileType = sourcecode.swift; path = AppDelegate.swift; sourceTree = "<group>"; };
		9C9EB9A327B18F6A00D4F8F3 /* SceneDelegate.swift */ = {isa = PBXFileReference; lastKnownFileType = sourcecode.swift; path = SceneDelegate.swift; sourceTree = "<group>"; };
		9C9EB9AA27B18F6C00D4F8F3 /* Assets.xcassets */ = {isa = PBXFileReference; lastKnownFileType = folder.assetcatalog; path = Assets.xcassets; sourceTree = "<group>"; };
		9C9EB9AD27B18F6C00D4F8F3 /* Base */ = {isa = PBXFileReference; lastKnownFileType = file.storyboard; name = Base; path = Base.lproj/LaunchScreen.storyboard; sourceTree = "<group>"; };
		9C9EB9AF27B18F6C00D4F8F3 /* Info.plist */ = {isa = PBXFileReference; lastKnownFileType = text.plist.xml; path = Info.plist; sourceTree = "<group>"; };
		9C9EB9B527B1909000D4F8F3 /* MainTabBarController.swift */ = {isa = PBXFileReference; lastKnownFileType = sourcecode.swift; path = MainTabBarController.swift; sourceTree = "<group>"; };
		9C9EB9B727B190F000D4F8F3 /* PhotoViewController.swift */ = {isa = PBXFileReference; lastKnownFileType = sourcecode.swift; path = PhotoViewController.swift; sourceTree = "<group>"; };
		9C9EB9B927B1930700D4F8F3 /* LibraryViewController.swift */ = {isa = PBXFileReference; lastKnownFileType = sourcecode.swift; path = LibraryViewController.swift; sourceTree = "<group>"; };
		9C9EB9BF27B1965400D4F8F3 /* UIColor + Extension.swift */ = {isa = PBXFileReference; lastKnownFileType = sourcecode.swift; path = "UIColor + Extension.swift"; sourceTree = "<group>"; };
		9C9EB9C127B19B0500D4F8F3 /* PhotoCell.swift */ = {isa = PBXFileReference; lastKnownFileType = sourcecode.swift; path = PhotoCell.swift; sourceTree = "<group>"; };
		9C9EB9C527B1D40A00D4F8F3 /* NetworkManager.swift */ = {isa = PBXFileReference; lastKnownFileType = sourcecode.swift; path = NetworkManager.swift; sourceTree = "<group>"; };
		9C9EB9C727B1D60600D4F8F3 /* ImageData.swift */ = {isa = PBXFileReference; lastKnownFileType = sourcecode.swift; path = ImageData.swift; sourceTree = "<group>"; };
		9C9EB9CA27B56FC100D4F8F3 /* SectionHeader.swift */ = {isa = PBXFileReference; lastKnownFileType = sourcecode.swift; path = SectionHeader.swift; sourceTree = "<group>"; };
		9CED5E6227B835AA007A61E5 /* PopularPhotoCell.swift */ = {isa = PBXFileReference; lastKnownFileType = sourcecode.swift; path = PopularPhotoCell.swift; sourceTree = "<group>"; };
/* End PBXFileReference section */

/* Begin PBXFrameworksBuildPhase section */
		9C9EB99B27B18F6A00D4F8F3 /* Frameworks */ = {
			isa = PBXFrameworksBuildPhase;
			buildActionMask = 2147483647;
			files = (
				B2E2780E933A3F6E2EC70039 /* Pods_UnsplashImages.framework in Frameworks */,
			);
			runOnlyForDeploymentPostprocessing = 0;
		};
/* End PBXFrameworksBuildPhase section */

/* Begin PBXGroup section */
		2DBBB75AEA9D45715548A1A2 /* Frameworks */ = {
			isa = PBXGroup;
			children = (
				263E2D02FC720BC07D644BEC /* Pods_UnsplashImages.framework */,
			);
			name = Frameworks;
			sourceTree = "<group>";
		};
		9C9EB99527B18F6A00D4F8F3 = {
			isa = PBXGroup;
			children = (
				9C9EB9A027B18F6A00D4F8F3 /* UnsplashImages */,
				9C9EB99F27B18F6A00D4F8F3 /* Products */,
				E45B8AC179CEF401A6C072CD /* Pods */,
				2DBBB75AEA9D45715548A1A2 /* Frameworks */,
			);
			sourceTree = "<group>";
		};
		9C9EB99F27B18F6A00D4F8F3 /* Products */ = {
			isa = PBXGroup;
			children = (
				9C9EB99E27B18F6A00D4F8F3 /* UnsplashImages.app */,
			);
			name = Products;
			sourceTree = "<group>";
		};
		9C9EB9A027B18F6A00D4F8F3 /* UnsplashImages */ = {
			isa = PBXGroup;
			children = (
				9CED5E6C27BC1A71007A61E5 /* Support files */,
				9CED5E6B27BC1A4D007A61E5 /* Controllers */,
				9C9EB9C927B5554200D4F8F3 /* Service */,
				9C9EB9BC27B195BB00D4F8F3 /* Models */,
				9C9EB9BB27B193D400D4F8F3 /* Extensions */,
				9C9EB9AF27B18F6C00D4F8F3 /* Info.plist */,
			);
			path = UnsplashImages;
			sourceTree = "<group>";
		};
		9C9EB9BB27B193D400D4F8F3 /* Extensions */ = {
			isa = PBXGroup;
			children = (
				9C9EB9BF27B1965400D4F8F3 /* UIColor + Extension.swift */,
				9C9EB9CA27B56FC100D4F8F3 /* SectionHeader.swift */,
			);
			path = Extensions;
			sourceTree = "<group>";
		};
		9C9EB9BC27B195BB00D4F8F3 /* Models */ = {
			isa = PBXGroup;
			children = (
				9C9EB9C727B1D60600D4F8F3 /* ImageData.swift */,
			);
			path = Models;
			sourceTree = "<group>";
		};
		9C9EB9C927B5554200D4F8F3 /* Service */ = {
			isa = PBXGroup;
			children = (
				9C9EB9C527B1D40A00D4F8F3 /* NetworkManager.swift */,
			);
			path = Service;
			sourceTree = "<group>";
		};
		9CED5E6A27BC1A41007A61E5 /* Cells */ = {
			isa = PBXGroup;
			children = (
				9C9EB9C127B19B0500D4F8F3 /* PhotoCell.swift */,
				9CED5E6227B835AA007A61E5 /* PopularPhotoCell.swift */,
			);
			path = Cells;
			sourceTree = "<group>";
		};
		9CED5E6B27BC1A4D007A61E5 /* Controllers */ = {
			isa = PBXGroup;
			children = (
				9CED5E6A27BC1A41007A61E5 /* Cells */,
				9C9EB9B527B1909000D4F8F3 /* MainTabBarController.swift */,
				9C9EB9B727B190F000D4F8F3 /* PhotoViewController.swift */,
				9C9EB9B927B1930700D4F8F3 /* LibraryViewController.swift */,
			);
			path = Controllers;
			sourceTree = "<group>";
		};
		9CED5E6C27BC1A71007A61E5 /* Support files */ = {
			isa = PBXGroup;
			children = (
				9C9EB9A127B18F6A00D4F8F3 /* AppDelegate.swift */,
				9C9EB9A327B18F6A00D4F8F3 /* SceneDelegate.swift */,
				9C9EB9AA27B18F6C00D4F8F3 /* Assets.xcassets */,
				9C9EB9AC27B18F6C00D4F8F3 /* LaunchScreen.storyboard */,
			);
			path = "Support files";
			sourceTree = "<group>";
		};
		E45B8AC179CEF401A6C072CD /* Pods */ = {
			isa = PBXGroup;
			children = (
				11A9B940392693F7EF7B3EC9 /* Pods-UnsplashImages.debug.xcconfig */,
				762361386D586BC09CCD460C /* Pods-UnsplashImages.release.xcconfig */,
			);
			path = Pods;
			sourceTree = "<group>";
		};
/* End PBXGroup section */

/* Begin PBXNativeTarget section */
		9C9EB99D27B18F6A00D4F8F3 /* UnsplashImages */ = {
			isa = PBXNativeTarget;
			buildConfigurationList = 9C9EB9B227B18F6C00D4F8F3 /* Build configuration list for PBXNativeTarget "UnsplashImages" */;
			buildPhases = (
				A3425A3B1B4261F316004364 /* [CP] Check Pods Manifest.lock */,
				9C9EB99A27B18F6A00D4F8F3 /* Sources */,
				9C9EB99B27B18F6A00D4F8F3 /* Frameworks */,
				9C9EB99C27B18F6A00D4F8F3 /* Resources */,
				3BC1029975EBCF39C9D2F01E /* [CP] Embed Pods Frameworks */,
			);
			buildRules = (
			);
			dependencies = (
			);
			name = UnsplashImages;
			productName = UnsplashImages;
			productReference = 9C9EB99E27B18F6A00D4F8F3 /* UnsplashImages.app */;
			productType = "com.apple.product-type.application";
		};
/* End PBXNativeTarget section */

/* Begin PBXProject section */
		9C9EB99627B18F6A00D4F8F3 /* Project object */ = {
			isa = PBXProject;
			attributes = {
				BuildIndependentTargetsInParallel = 1;
				LastSwiftUpdateCheck = 1320;
				LastUpgradeCheck = 1320;
				TargetAttributes = {
					9C9EB99D27B18F6A00D4F8F3 = {
						CreatedOnToolsVersion = 13.2.1;
					};
				};
			};
			buildConfigurationList = 9C9EB99927B18F6A00D4F8F3 /* Build configuration list for PBXProject "UnsplashImages" */;
			compatibilityVersion = "Xcode 13.0";
			developmentRegion = en;
			hasScannedForEncodings = 0;
			knownRegions = (
				en,
				Base,
			);
			mainGroup = 9C9EB99527B18F6A00D4F8F3;
			productRefGroup = 9C9EB99F27B18F6A00D4F8F3 /* Products */;
			projectDirPath = "";
			projectRoot = "";
			targets = (
				9C9EB99D27B18F6A00D4F8F3 /* UnsplashImages */,
			);
		};
/* End PBXProject section */

/* Begin PBXResourcesBuildPhase section */
		9C9EB99C27B18F6A00D4F8F3 /* Resources */ = {
			isa = PBXResourcesBuildPhase;
			buildActionMask = 2147483647;
			files = (
				9C9EB9AE27B18F6C00D4F8F3 /* LaunchScreen.storyboard in Resources */,
				9C9EB9AB27B18F6C00D4F8F3 /* Assets.xcassets in Resources */,
			);
			runOnlyForDeploymentPostprocessing = 0;
		};
/* End PBXResourcesBuildPhase section */

/* Begin PBXShellScriptBuildPhase section */
		3BC1029975EBCF39C9D2F01E /* [CP] Embed Pods Frameworks */ = {
			isa = PBXShellScriptBuildPhase;
			buildActionMask = 2147483647;
			files = (
			);
			inputFileListPaths = (
				"${PODS_ROOT}/Target Support Files/Pods-UnsplashImages/Pods-UnsplashImages-frameworks-${CONFIGURATION}-input-files.xcfilelist",
			);
			name = "[CP] Embed Pods Frameworks";
			outputFileListPaths = (
				"${PODS_ROOT}/Target Support Files/Pods-UnsplashImages/Pods-UnsplashImages-frameworks-${CONFIGURATION}-output-files.xcfilelist",
			);
			runOnlyForDeploymentPostprocessing = 0;
			shellPath = /bin/sh;
			shellScript = "\"${PODS_ROOT}/Target Support Files/Pods-UnsplashImages/Pods-UnsplashImages-frameworks.sh\"\n";
			showEnvVarsInLog = 0;
		};
		A3425A3B1B4261F316004364 /* [CP] Check Pods Manifest.lock */ = {
			isa = PBXShellScriptBuildPhase;
			buildActionMask = 2147483647;
			files = (
			);
			inputFileListPaths = (
			);
			inputPaths = (
				"${PODS_PODFILE_DIR_PATH}/Podfile.lock",
				"${PODS_ROOT}/Manifest.lock",
			);
			name = "[CP] Check Pods Manifest.lock";
			outputFileListPaths = (
			);
			outputPaths = (
				"$(DERIVED_FILE_DIR)/Pods-UnsplashImages-checkManifestLockResult.txt",
			);
			runOnlyForDeploymentPostprocessing = 0;
			shellPath = /bin/sh;
			shellScript = "diff \"${PODS_PODFILE_DIR_PATH}/Podfile.lock\" \"${PODS_ROOT}/Manifest.lock\" > /dev/null\nif [ $? != 0 ] ; then\n    # print error to STDERR\n    echo \"error: The sandbox is not in sync with the Podfile.lock. Run 'pod install' or update your CocoaPods installation.\" >&2\n    exit 1\nfi\n# This output is used by Xcode 'outputs' to avoid re-running this script phase.\necho \"SUCCESS\" > \"${SCRIPT_OUTPUT_FILE_0}\"\n";
			showEnvVarsInLog = 0;
		};
/* End PBXShellScriptBuildPhase section */

/* Begin PBXSourcesBuildPhase section */
		9C9EB99A27B18F6A00D4F8F3 /* Sources */ = {
			isa = PBXSourcesBuildPhase;
			buildActionMask = 2147483647;
			files = (
				9C9EB9C627B1D40A00D4F8F3 /* NetworkManager.swift in Sources */,
				9C9EB9C027B1965500D4F8F3 /* UIColor + Extension.swift in Sources */,
				9C9EB9A227B18F6A00D4F8F3 /* AppDelegate.swift in Sources */,
				9C9EB9BA27B1930700D4F8F3 /* LibraryViewController.swift in Sources */,
				9C9EB9C227B19B0500D4F8F3 /* PhotoCell.swift in Sources */,
				9C9EB9C827B1D60600D4F8F3 /* ImageData.swift in Sources */,
				9CED5E6327B835AA007A61E5 /* PopularPhotoCell.swift in Sources */,
				9C9EB9B827B190F000D4F8F3 /* PhotoViewController.swift in Sources */,
				9C9EB9CB27B56FC100D4F8F3 /* SectionHeader.swift in Sources */,
				9C9EB9A427B18F6A00D4F8F3 /* SceneDelegate.swift in Sources */,
				9C9EB9B627B1909000D4F8F3 /* MainTabBarController.swift in Sources */,
			);
			runOnlyForDeploymentPostprocessing = 0;
		};
/* End PBXSourcesBuildPhase section */

/* Begin PBXVariantGroup section */
		9C9EB9AC27B18F6C00D4F8F3 /* LaunchScreen.storyboard */ = {
			isa = PBXVariantGroup;
			children = (
				9C9EB9AD27B18F6C00D4F8F3 /* Base */,
			);
			name = LaunchScreen.storyboard;
			sourceTree = "<group>";
		};
/* End PBXVariantGroup section */

/* Begin XCBuildConfiguration section */
		9C9EB9B027B18F6C00D4F8F3 /* Debug */ = {
			isa = XCBuildConfiguration;
			buildSettings = {
				ALWAYS_SEARCH_USER_PATHS = NO;
				CLANG_ANALYZER_NONNULL = YES;
				CLANG_ANALYZER_NUMBER_OBJECT_CONVERSION = YES_AGGRESSIVE;
				CLANG_CXX_LANGUAGE_STANDARD = "gnu++17";
				CLANG_CXX_LIBRARY = "libc++";
				CLANG_ENABLE_MODULES = YES;
				CLANG_ENABLE_OBJC_ARC = YES;
				CLANG_ENABLE_OBJC_WEAK = YES;
				CLANG_WARN_BLOCK_CAPTURE_AUTORELEASING = YES;
				CLANG_WARN_BOOL_CONVERSION = YES;
				CLANG_WARN_COMMA = YES;
				CLANG_WARN_CONSTANT_CONVERSION = YES;
				CLANG_WARN_DEPRECATED_OBJC_IMPLEMENTATIONS = YES;
				CLANG_WARN_DIRECT_OBJC_ISA_USAGE = YES_ERROR;
				CLANG_WARN_DOCUMENTATION_COMMENTS = YES;
				CLANG_WARN_EMPTY_BODY = YES;
				CLANG_WARN_ENUM_CONVERSION = YES;
				CLANG_WARN_INFINITE_RECURSION = YES;
				CLANG_WARN_INT_CONVERSION = YES;
				CLANG_WARN_NON_LITERAL_NULL_CONVERSION = YES;
				CLANG_WARN_OBJC_IMPLICIT_RETAIN_SELF = YES;
				CLANG_WARN_OBJC_LITERAL_CONVERSION = YES;
				CLANG_WARN_OBJC_ROOT_CLASS = YES_ERROR;
				CLANG_WARN_QUOTED_INCLUDE_IN_FRAMEWORK_HEADER = YES;
				CLANG_WARN_RANGE_LOOP_ANALYSIS = YES;
				CLANG_WARN_STRICT_PROTOTYPES = YES;
				CLANG_WARN_SUSPICIOUS_MOVE = YES;
				CLANG_WARN_UNGUARDED_AVAILABILITY = YES_AGGRESSIVE;
				CLANG_WARN_UNREACHABLE_CODE = YES;
				CLANG_WARN__DUPLICATE_METHOD_MATCH = YES;
				COPY_PHASE_STRIP = NO;
				DEBUG_INFORMATION_FORMAT = dwarf;
				ENABLE_STRICT_OBJC_MSGSEND = YES;
				ENABLE_TESTABILITY = YES;
				GCC_C_LANGUAGE_STANDARD = gnu11;
				GCC_DYNAMIC_NO_PIC = NO;
				GCC_NO_COMMON_BLOCKS = YES;
				GCC_OPTIMIZATION_LEVEL = 0;
				GCC_PREPROCESSOR_DEFINITIONS = (
					"DEBUG=1",
					"$(inherited)",
				);
				GCC_WARN_64_TO_32_BIT_CONVERSION = YES;
				GCC_WARN_ABOUT_RETURN_TYPE = YES_ERROR;
				GCC_WARN_UNDECLARED_SELECTOR = YES;
				GCC_WARN_UNINITIALIZED_AUTOS = YES_AGGRESSIVE;
				GCC_WARN_UNUSED_FUNCTION = YES;
				GCC_WARN_UNUSED_VARIABLE = YES;
				IPHONEOS_DEPLOYMENT_TARGET = 15.2;
				MTL_ENABLE_DEBUG_INFO = INCLUDE_SOURCE;
				MTL_FAST_MATH = YES;
				ONLY_ACTIVE_ARCH = YES;
				SDKROOT = iphoneos;
				SWIFT_ACTIVE_COMPILATION_CONDITIONS = DEBUG;
				SWIFT_OPTIMIZATION_LEVEL = "-Onone";
			};
			name = Debug;
		};
		9C9EB9B127B18F6C00D4F8F3 /* Release */ = {
			isa = XCBuildConfiguration;
			buildSettings = {
				ALWAYS_SEARCH_USER_PATHS = NO;
				CLANG_ANALYZER_NONNULL = YES;
				CLANG_ANALYZER_NUMBER_OBJECT_CONVERSION = YES_AGGRESSIVE;
				CLANG_CXX_LANGUAGE_STANDARD = "gnu++17";
				CLANG_CXX_LIBRARY = "libc++";
				CLANG_ENABLE_MODULES = YES;
				CLANG_ENABLE_OBJC_ARC = YES;
				CLANG_ENABLE_OBJC_WEAK = YES;
				CLANG_WARN_BLOCK_CAPTURE_AUTORELEASING = YES;
				CLANG_WARN_BOOL_CONVERSION = YES;
				CLANG_WARN_COMMA = YES;
				CLANG_WARN_CONSTANT_CONVERSION = YES;
				CLANG_WARN_DEPRECATED_OBJC_IMPLEMENTATIONS = YES;
				CLANG_WARN_DIRECT_OBJC_ISA_USAGE = YES_ERROR;
				CLANG_WARN_DOCUMENTATION_COMMENTS = YES;
				CLANG_WARN_EMPTY_BODY = YES;
				CLANG_WARN_ENUM_CONVERSION = YES;
				CLANG_WARN_INFINITE_RECURSION = YES;
				CLANG_WARN_INT_CONVERSION = YES;
				CLANG_WARN_NON_LITERAL_NULL_CONVERSION = YES;
				CLANG_WARN_OBJC_IMPLICIT_RETAIN_SELF = YES;
				CLANG_WARN_OBJC_LITERAL_CONVERSION = YES;
				CLANG_WARN_OBJC_ROOT_CLASS = YES_ERROR;
				CLANG_WARN_QUOTED_INCLUDE_IN_FRAMEWORK_HEADER = YES;
				CLANG_WARN_RANGE_LOOP_ANALYSIS = YES;
				CLANG_WARN_STRICT_PROTOTYPES = YES;
				CLANG_WARN_SUSPICIOUS_MOVE = YES;
				CLANG_WARN_UNGUARDED_AVAILABILITY = YES_AGGRESSIVE;
				CLANG_WARN_UNREACHABLE_CODE = YES;
				CLANG_WARN__DUPLICATE_METHOD_MATCH = YES;
				COPY_PHASE_STRIP = NO;
				DEBUG_INFORMATION_FORMAT = "dwarf-with-dsym";
				ENABLE_NS_ASSERTIONS = NO;
				ENABLE_STRICT_OBJC_MSGSEND = YES;
				GCC_C_LANGUAGE_STANDARD = gnu11;
				GCC_NO_COMMON_BLOCKS = YES;
				GCC_WARN_64_TO_32_BIT_CONVERSION = YES;
				GCC_WARN_ABOUT_RETURN_TYPE = YES_ERROR;
				GCC_WARN_UNDECLARED_SELECTOR = YES;
				GCC_WARN_UNINITIALIZED_AUTOS = YES_AGGRESSIVE;
				GCC_WARN_UNUSED_FUNCTION = YES;
				GCC_WARN_UNUSED_VARIABLE = YES;
				IPHONEOS_DEPLOYMENT_TARGET = 15.2;
				MTL_ENABLE_DEBUG_INFO = NO;
				MTL_FAST_MATH = YES;
				SDKROOT = iphoneos;
				SWIFT_COMPILATION_MODE = wholemodule;
				SWIFT_OPTIMIZATION_LEVEL = "-O";
				VALIDATE_PRODUCT = YES;
			};
			name = Release;
		};
		9C9EB9B327B18F6C00D4F8F3 /* Debug */ = {
			isa = XCBuildConfiguration;
			baseConfigurationReference = 11A9B940392693F7EF7B3EC9 /* Pods-UnsplashImages.debug.xcconfig */;
			buildSettings = {
				ASSETCATALOG_COMPILER_APPICON_NAME = AppIcon;
				ASSETCATALOG_COMPILER_GLOBAL_ACCENT_COLOR_NAME = AccentColor;
				CODE_SIGN_STYLE = Automatic;
				CURRENT_PROJECT_VERSION = 1;
				DEVELOPMENT_TEAM = 7XP9H5G8CF;
				GENERATE_INFOPLIST_FILE = YES;
				INFOPLIST_FILE = UnsplashImages/Info.plist;
				INFOPLIST_KEY_UIApplicationSupportsIndirectInputEvents = YES;
				INFOPLIST_KEY_UILaunchStoryboardName = LaunchScreen;
				INFOPLIST_KEY_UIMainStoryboardFile = "";
				INFOPLIST_KEY_UISupportedInterfaceOrientations_iPad = "UIInterfaceOrientationPortrait UIInterfaceOrientationPortraitUpsideDown UIInterfaceOrientationLandscapeLeft UIInterfaceOrientationLandscapeRight";
				INFOPLIST_KEY_UISupportedInterfaceOrientations_iPhone = "UIInterfaceOrientationPortrait UIInterfaceOrientationLandscapeLeft UIInterfaceOrientationLandscapeRight";
				IPHONEOS_DEPLOYMENT_TARGET = 15.0;
				LD_RUNPATH_SEARCH_PATHS = (
					"$(inherited)",
					"@executable_path/Frameworks",
				);
				MARKETING_VERSION = 1.0;
				PRODUCT_BUNDLE_IDENTIFIER = com.underscoreow.UnsplashImages;
				PRODUCT_NAME = "$(TARGET_NAME)";
				SWIFT_EMIT_LOC_STRINGS = YES;
				SWIFT_VERSION = 5.0;
				TARGETED_DEVICE_FAMILY = "1,2";
			};
			name = Debug;
		};
		9C9EB9B427B18F6C00D4F8F3 /* Release */ = {
			isa = XCBuildConfiguration;
			baseConfigurationReference = 762361386D586BC09CCD460C /* Pods-UnsplashImages.release.xcconfig */;
			buildSettings = {
				ASSETCATALOG_COMPILER_APPICON_NAME = AppIcon;
				ASSETCATALOG_COMPILER_GLOBAL_ACCENT_COLOR_NAME = AccentColor;
				CODE_SIGN_STYLE = Automatic;
				CURRENT_PROJECT_VERSION = 1;
				DEVELOPMENT_TEAM = 7XP9H5G8CF;
				GENERATE_INFOPLIST_FILE = YES;
				INFOPLIST_FILE = UnsplashImages/Info.plist;
				INFOPLIST_KEY_UIApplicationSupportsIndirectInputEvents = YES;
				INFOPLIST_KEY_UILaunchStoryboardName = LaunchScreen;
				INFOPLIST_KEY_UIMainStoryboardFile = "";
				INFOPLIST_KEY_UISupportedInterfaceOrientations_iPad = "UIInterfaceOrientationPortrait UIInterfaceOrientationPortraitUpsideDown UIInterfaceOrientationLandscapeLeft UIInterfaceOrientationLandscapeRight";
				INFOPLIST_KEY_UISupportedInterfaceOrientations_iPhone = "UIInterfaceOrientationPortrait UIInterfaceOrientationLandscapeLeft UIInterfaceOrientationLandscapeRight";
				IPHONEOS_DEPLOYMENT_TARGET = 15.0;
				LD_RUNPATH_SEARCH_PATHS = (
					"$(inherited)",
					"@executable_path/Frameworks",
				);
				MARKETING_VERSION = 1.0;
				PRODUCT_BUNDLE_IDENTIFIER = com.underscoreow.UnsplashImages;
				PRODUCT_NAME = "$(TARGET_NAME)";
				SWIFT_EMIT_LOC_STRINGS = YES;
				SWIFT_VERSION = 5.0;
				TARGETED_DEVICE_FAMILY = "1,2";
			};
			name = Release;
		};
/* End XCBuildConfiguration section */

/* Begin XCConfigurationList section */
		9C9EB99927B18F6A00D4F8F3 /* Build configuration list for PBXProject "UnsplashImages" */ = {
			isa = XCConfigurationList;
			buildConfigurations = (
				9C9EB9B027B18F6C00D4F8F3 /* Debug */,
				9C9EB9B127B18F6C00D4F8F3 /* Release */,
			);
			defaultConfigurationIsVisible = 0;
			defaultConfigurationName = Release;
		};
		9C9EB9B227B18F6C00D4F8F3 /* Build configuration list for PBXNativeTarget "UnsplashImages" */ = {
			isa = XCConfigurationList;
			buildConfigurations = (
				9C9EB9B327B18F6C00D4F8F3 /* Debug */,
				9C9EB9B427B18F6C00D4F8F3 /* Release */,
			);
			defaultConfigurationIsVisible = 0;
			defaultConfigurationName = Release;
		};
/* End XCConfigurationList section */
	};
	rootObject = 9C9EB99627B18F6A00D4F8F3 /* Project object */;
}
